// !$*UTF8*$!
{
	archiveVersion = 1;
	classes = {
	};
	objectVersion = 46;
	objects = {

/* Begin PBXBuildFile section */
		5080E47E18DCDE2F00E61AB7 /* Foundation.framework in Frameworks */ = {isa = PBXBuildFile; fileRef = 5080E47D18DCDE2F00E61AB7 /* Foundation.framework */; };
		5080E48018DCDE2F00E61AB7 /* CoreGraphics.framework in Frameworks */ = {isa = PBXBuildFile; fileRef = 5080E47F18DCDE2F00E61AB7 /* CoreGraphics.framework */; };
		5080E48218DCDE2F00E61AB7 /* UIKit.framework in Frameworks */ = {isa = PBXBuildFile; fileRef = 5080E48118DCDE2F00E61AB7 /* UIKit.framework */; };
		5080E48818DCDE2F00E61AB7 /* InfoPlist.strings in Resources */ = {isa = PBXBuildFile; fileRef = 5080E48618DCDE2F00E61AB7 /* InfoPlist.strings */; };
		5080E48A18DCDE2F00E61AB7 /* main.m in Sources */ = {isa = PBXBuildFile; fileRef = 5080E48918DCDE2F00E61AB7 /* main.m */; };
		5080E48E18DCDE2F00E61AB7 /* BITAppDelegate.m in Sources */ = {isa = PBXBuildFile; fileRef = 5080E48D18DCDE2F00E61AB7 /* BITAppDelegate.m */; };
		5080E49118DCDE2F00E61AB7 /* Main_iPhone.storyboard in Resources */ = {isa = PBXBuildFile; fileRef = 5080E48F18DCDE2F00E61AB7 /* Main_iPhone.storyboard */; };
		5080E49418DCDE2F00E61AB7 /* Main_iPad.storyboard in Resources */ = {isa = PBXBuildFile; fileRef = 5080E49218DCDE2F00E61AB7 /* Main_iPad.storyboard */; };
		5080E49718DCDE2F00E61AB7 /* BITDoorViewController.m in Sources */ = {isa = PBXBuildFile; fileRef = 5080E49618DCDE2F00E61AB7 /* BITDoorViewController.m */; };
		5080E49A18DCDE2F00E61AB7 /* BITAboutViewController.m in Sources */ = {isa = PBXBuildFile; fileRef = 5080E49918DCDE2F00E61AB7 /* BITAboutViewController.m */; };
		5080E49C18DCDE2F00E61AB7 /* Images.xcassets in Resources */ = {isa = PBXBuildFile; fileRef = 5080E49B18DCDE2F00E61AB7 /* Images.xcassets */; };
		5080E4A318DCDE2F00E61AB7 /* XCTest.framework in Frameworks */ = {isa = PBXBuildFile; fileRef = 5080E4A218DCDE2F00E61AB7 /* XCTest.framework */; };
		5080E4A418DCDE2F00E61AB7 /* Foundation.framework in Frameworks */ = {isa = PBXBuildFile; fileRef = 5080E47D18DCDE2F00E61AB7 /* Foundation.framework */; };
		5080E4A518DCDE2F00E61AB7 /* UIKit.framework in Frameworks */ = {isa = PBXBuildFile; fileRef = 5080E48118DCDE2F00E61AB7 /* UIKit.framework */; };
		5080E4AD18DCDE2F00E61AB7 /* InfoPlist.strings in Resources */ = {isa = PBXBuildFile; fileRef = 5080E4AB18DCDE2F00E61AB7 /* InfoPlist.strings */; };
		5080E4AF18DCDE3000E61AB7 /* BitrafTests.m in Sources */ = {isa = PBXBuildFile; fileRef = 5080E4AE18DCDE3000E61AB7 /* BitrafTests.m */; };
		5080E4CE18DCE0B700E61AB7 /* AFHTTPRequestOperation.m in Sources */ = {isa = PBXBuildFile; fileRef = 5080E4BC18DCE0B700E61AB7 /* AFHTTPRequestOperation.m */; };
		5080E4CF18DCE0B700E61AB7 /* AFHTTPRequestOperationManager.m in Sources */ = {isa = PBXBuildFile; fileRef = 5080E4BE18DCE0B700E61AB7 /* AFHTTPRequestOperationManager.m */; };
		5080E4D018DCE0B700E61AB7 /* AFHTTPSessionManager.m in Sources */ = {isa = PBXBuildFile; fileRef = 5080E4C018DCE0B700E61AB7 /* AFHTTPSessionManager.m */; };
		5080E4D118DCE0B700E61AB7 /* AFNetworkReachabilityManager.m in Sources */ = {isa = PBXBuildFile; fileRef = 5080E4C318DCE0B700E61AB7 /* AFNetworkReachabilityManager.m */; };
		5080E4D218DCE0B700E61AB7 /* AFSecurityPolicy.m in Sources */ = {isa = PBXBuildFile; fileRef = 5080E4C518DCE0B700E61AB7 /* AFSecurityPolicy.m */; };
		5080E4D318DCE0B700E61AB7 /* AFURLConnectionOperation.m in Sources */ = {isa = PBXBuildFile; fileRef = 5080E4C718DCE0B700E61AB7 /* AFURLConnectionOperation.m */; };
		5080E4D418DCE0B700E61AB7 /* AFURLRequestSerialization.m in Sources */ = {isa = PBXBuildFile; fileRef = 5080E4C918DCE0B700E61AB7 /* AFURLRequestSerialization.m */; };
		5080E4D518DCE0B700E61AB7 /* AFURLResponseSerialization.m in Sources */ = {isa = PBXBuildFile; fileRef = 5080E4CB18DCE0B700E61AB7 /* AFURLResponseSerialization.m */; };
		5080E4D618DCE0B700E61AB7 /* AFURLSessionManager.m in Sources */ = {isa = PBXBuildFile; fileRef = 5080E4CD18DCE0B700E61AB7 /* AFURLSessionManager.m */; };
		5080E4DF18DCE7A500E61AB7 /* LICENSE.txt in Resources */ = {isa = PBXBuildFile; fileRef = 5080E4D818DCE7A500E61AB7 /* LICENSE.txt */; };
		5080E4E018DCE7A500E61AB7 /* TFHpple.m in Sources */ = {isa = PBXBuildFile; fileRef = 5080E4DA18DCE7A500E61AB7 /* TFHpple.m */; };
		5080E4E118DCE7A500E61AB7 /* TFHppleElement.m in Sources */ = {isa = PBXBuildFile; fileRef = 5080E4DC18DCE7A500E61AB7 /* TFHppleElement.m */; };
		5080E4E218DCE7A500E61AB7 /* XPathQuery.m in Sources */ = {isa = PBXBuildFile; fileRef = 5080E4DE18DCE7A500E61AB7 /* XPathQuery.m */; };
		5080E4E418DCE93100E61AB7 /* libxml2.2.dylib in Frameworks */ = {isa = PBXBuildFile; fileRef = 5080E4E318DCE93100E61AB7 /* libxml2.2.dylib */; };
		5080E4E618DCE93A00E61AB7 /* libxml2.dylib in Frameworks */ = {isa = PBXBuildFile; fileRef = 5080E4E518DCE93A00E61AB7 /* libxml2.dylib */; };
		5080E50E18DCF05B00E61AB7 /* MKAnnotationView+WebCache.m in Sources */ = {isa = PBXBuildFile; fileRef = 5080E4F218DCF05B00E61AB7 /* MKAnnotationView+WebCache.m */; };
		5080E50F18DCF05B00E61AB7 /* NSData+ImageContentType.m in Sources */ = {isa = PBXBuildFile; fileRef = 5080E4F418DCF05B00E61AB7 /* NSData+ImageContentType.m */; };
		5080E51018DCF05B00E61AB7 /* SDImageCache.m in Sources */ = {isa = PBXBuildFile; fileRef = 5080E4F618DCF05B00E61AB7 /* SDImageCache.m */; };
		5080E51118DCF05B00E61AB7 /* SDWebImageCompat.m in Sources */ = {isa = PBXBuildFile; fileRef = 5080E4F818DCF05B00E61AB7 /* SDWebImageCompat.m */; };
		5080E51218DCF05B00E61AB7 /* SDWebImageDecoder.m in Sources */ = {isa = PBXBuildFile; fileRef = 5080E4FA18DCF05B00E61AB7 /* SDWebImageDecoder.m */; };
		5080E51318DCF05B00E61AB7 /* SDWebImageDownloader.m in Sources */ = {isa = PBXBuildFile; fileRef = 5080E4FC18DCF05B00E61AB7 /* SDWebImageDownloader.m */; };
		5080E51418DCF05B00E61AB7 /* SDWebImageDownloaderOperation.m in Sources */ = {isa = PBXBuildFile; fileRef = 5080E4FE18DCF05B00E61AB7 /* SDWebImageDownloaderOperation.m */; };
		5080E51518DCF05B00E61AB7 /* SDWebImageManager.m in Sources */ = {isa = PBXBuildFile; fileRef = 5080E50018DCF05B00E61AB7 /* SDWebImageManager.m */; };
		5080E51618DCF05B00E61AB7 /* SDWebImagePrefetcher.m in Sources */ = {isa = PBXBuildFile; fileRef = 5080E50318DCF05B00E61AB7 /* SDWebImagePrefetcher.m */; };
		5080E51718DCF05B00E61AB7 /* UIButton+WebCache.m in Sources */ = {isa = PBXBuildFile; fileRef = 5080E50518DCF05B00E61AB7 /* UIButton+WebCache.m */; };
		5080E51818DCF05B00E61AB7 /* UIImage+GIF.m in Sources */ = {isa = PBXBuildFile; fileRef = 5080E50718DCF05B00E61AB7 /* UIImage+GIF.m */; };
		5080E51918DCF05B00E61AB7 /* UIImage+MultiFormat.m in Sources */ = {isa = PBXBuildFile; fileRef = 5080E50918DCF05B00E61AB7 /* UIImage+MultiFormat.m */; };
		5080E51A18DCF05B00E61AB7 /* UIImage+WebP.m in Sources */ = {isa = PBXBuildFile; fileRef = 5080E50B18DCF05B00E61AB7 /* UIImage+WebP.m */; };
		5080E51B18DCF05B00E61AB7 /* UIImageView+WebCache.m in Sources */ = {isa = PBXBuildFile; fileRef = 5080E50D18DCF05B00E61AB7 /* UIImageView+WebCache.m */; };
		D51BD151190305CA0010C8CC /* bitraf.png in Resources */ = {isa = PBXBuildFile; fileRef = D51BD150190305CA0010C8CC /* bitraf.png */; };
		D51BD15419030FE10010C8CC /* BITGalleryViewController.m in Sources */ = {isa = PBXBuildFile; fileRef = D51BD15319030FE10010C8CC /* BITGalleryViewController.m */; };
		D5D79A0D19031BD000416402 /* BITMeetupViewController.m in Sources */ = {isa = PBXBuildFile; fileRef = D5D79A0C19031BD000416402 /* BITMeetupViewController.m */; };
		D5D79A1119031E5F00416402 /* BITMeetup.m in Sources */ = {isa = PBXBuildFile; fileRef = D5D79A1019031E5F00416402 /* BITMeetup.m */; };
		D5D79A14190324C500416402 /* FLDetailViewController.m in Sources */ = {isa = PBXBuildFile; fileRef = D5D79A13190324C500416402 /* FLDetailViewController.m */; };
/* End PBXBuildFile section */

/* Begin PBXContainerItemProxy section */
		5080E4A618DCDE2F00E61AB7 /* PBXContainerItemProxy */ = {
			isa = PBXContainerItemProxy;
			containerPortal = 5080E47218DCDE2E00E61AB7 /* Project object */;
			proxyType = 1;
			remoteGlobalIDString = 5080E47918DCDE2F00E61AB7;
			remoteInfo = Bitraf;
		};
/* End PBXContainerItemProxy section */

/* Begin PBXFileReference section */
		5080E47A18DCDE2F00E61AB7 /* Bitraf.app */ = {isa = PBXFileReference; explicitFileType = wrapper.application; includeInIndex = 0; path = Bitraf.app; sourceTree = BUILT_PRODUCTS_DIR; };
		5080E47D18DCDE2F00E61AB7 /* Foundation.framework */ = {isa = PBXFileReference; lastKnownFileType = wrapper.framework; name = Foundation.framework; path = System/Library/Frameworks/Foundation.framework; sourceTree = SDKROOT; };
		5080E47F18DCDE2F00E61AB7 /* CoreGraphics.framework */ = {isa = PBXFileReference; lastKnownFileType = wrapper.framework; name = CoreGraphics.framework; path = System/Library/Frameworks/CoreGraphics.framework; sourceTree = SDKROOT; };
		5080E48118DCDE2F00E61AB7 /* UIKit.framework */ = {isa = PBXFileReference; lastKnownFileType = wrapper.framework; name = UIKit.framework; path = System/Library/Frameworks/UIKit.framework; sourceTree = SDKROOT; };
		5080E48518DCDE2F00E61AB7 /* Bitraf-Info.plist */ = {isa = PBXFileReference; lastKnownFileType = text.plist.xml; path = "Bitraf-Info.plist"; sourceTree = "<group>"; };
		5080E48718DCDE2F00E61AB7 /* en */ = {isa = PBXFileReference; lastKnownFileType = text.plist.strings; name = en; path = en.lproj/InfoPlist.strings; sourceTree = "<group>"; };
		5080E48918DCDE2F00E61AB7 /* main.m */ = {isa = PBXFileReference; lastKnownFileType = sourcecode.c.objc; path = main.m; sourceTree = "<group>"; };
		5080E48B18DCDE2F00E61AB7 /* Bitraf-Prefix.pch */ = {isa = PBXFileReference; lastKnownFileType = sourcecode.c.h; path = "Bitraf-Prefix.pch"; sourceTree = "<group>"; };
		5080E48C18DCDE2F00E61AB7 /* BITAppDelegate.h */ = {isa = PBXFileReference; lastKnownFileType = sourcecode.c.h; path = BITAppDelegate.h; sourceTree = "<group>"; };
		5080E48D18DCDE2F00E61AB7 /* BITAppDelegate.m */ = {isa = PBXFileReference; lastKnownFileType = sourcecode.c.objc; path = BITAppDelegate.m; sourceTree = "<group>"; };
		5080E49018DCDE2F00E61AB7 /* Base */ = {isa = PBXFileReference; lastKnownFileType = file.storyboard; name = Base; path = Base.lproj/Main_iPhone.storyboard; sourceTree = "<group>"; };
		5080E49318DCDE2F00E61AB7 /* Base */ = {isa = PBXFileReference; lastKnownFileType = file.storyboard; name = Base; path = Base.lproj/Main_iPad.storyboard; sourceTree = "<group>"; };
		5080E49518DCDE2F00E61AB7 /* BITDoorViewController.h */ = {isa = PBXFileReference; lastKnownFileType = sourcecode.c.h; path = BITDoorViewController.h; sourceTree = "<group>"; };
		5080E49618DCDE2F00E61AB7 /* BITDoorViewController.m */ = {isa = PBXFileReference; lastKnownFileType = sourcecode.c.objc; path = BITDoorViewController.m; sourceTree = "<group>"; };
		5080E49818DCDE2F00E61AB7 /* BITAboutViewController.h */ = {isa = PBXFileReference; lastKnownFileType = sourcecode.c.h; path = BITAboutViewController.h; sourceTree = "<group>"; };
		5080E49918DCDE2F00E61AB7 /* BITAboutViewController.m */ = {isa = PBXFileReference; lastKnownFileType = sourcecode.c.objc; path = BITAboutViewController.m; sourceTree = "<group>"; };
		5080E49B18DCDE2F00E61AB7 /* Images.xcassets */ = {isa = PBXFileReference; lastKnownFileType = folder.assetcatalog; path = Images.xcassets; sourceTree = "<group>"; };
		5080E4A118DCDE2F00E61AB7 /* BitrafTests.xctest */ = {isa = PBXFileReference; explicitFileType = wrapper.cfbundle; includeInIndex = 0; path = BitrafTests.xctest; sourceTree = BUILT_PRODUCTS_DIR; };
		5080E4A218DCDE2F00E61AB7 /* XCTest.framework */ = {isa = PBXFileReference; lastKnownFileType = wrapper.framework; name = XCTest.framework; path = Library/Frameworks/XCTest.framework; sourceTree = DEVELOPER_DIR; };
		5080E4AA18DCDE2F00E61AB7 /* BitrafTests-Info.plist */ = {isa = PBXFileReference; lastKnownFileType = text.plist.xml; path = "BitrafTests-Info.plist"; sourceTree = "<group>"; };
		5080E4AC18DCDE2F00E61AB7 /* en */ = {isa = PBXFileReference; lastKnownFileType = text.plist.strings; name = en; path = en.lproj/InfoPlist.strings; sourceTree = "<group>"; };
		5080E4AE18DCDE3000E61AB7 /* BitrafTests.m */ = {isa = PBXFileReference; lastKnownFileType = sourcecode.c.objc; path = BitrafTests.m; sourceTree = "<group>"; };
		5080E4BB18DCE0B700E61AB7 /* AFHTTPRequestOperation.h */ = {isa = PBXFileReference; fileEncoding = 4; lastKnownFileType = sourcecode.c.h; path = AFHTTPRequestOperation.h; sourceTree = "<group>"; };
		5080E4BC18DCE0B700E61AB7 /* AFHTTPRequestOperation.m */ = {isa = PBXFileReference; fileEncoding = 4; lastKnownFileType = sourcecode.c.objc; path = AFHTTPRequestOperation.m; sourceTree = "<group>"; };
		5080E4BD18DCE0B700E61AB7 /* AFHTTPRequestOperationManager.h */ = {isa = PBXFileReference; fileEncoding = 4; lastKnownFileType = sourcecode.c.h; path = AFHTTPRequestOperationManager.h; sourceTree = "<group>"; };
		5080E4BE18DCE0B700E61AB7 /* AFHTTPRequestOperationManager.m */ = {isa = PBXFileReference; fileEncoding = 4; lastKnownFileType = sourcecode.c.objc; path = AFHTTPRequestOperationManager.m; sourceTree = "<group>"; };
		5080E4BF18DCE0B700E61AB7 /* AFHTTPSessionManager.h */ = {isa = PBXFileReference; fileEncoding = 4; lastKnownFileType = sourcecode.c.h; path = AFHTTPSessionManager.h; sourceTree = "<group>"; };
		5080E4C018DCE0B700E61AB7 /* AFHTTPSessionManager.m */ = {isa = PBXFileReference; fileEncoding = 4; lastKnownFileType = sourcecode.c.objc; path = AFHTTPSessionManager.m; sourceTree = "<group>"; };
		5080E4C118DCE0B700E61AB7 /* AFNetworking.h */ = {isa = PBXFileReference; fileEncoding = 4; lastKnownFileType = sourcecode.c.h; path = AFNetworking.h; sourceTree = "<group>"; };
		5080E4C218DCE0B700E61AB7 /* AFNetworkReachabilityManager.h */ = {isa = PBXFileReference; fileEncoding = 4; lastKnownFileType = sourcecode.c.h; path = AFNetworkReachabilityManager.h; sourceTree = "<group>"; };
		5080E4C318DCE0B700E61AB7 /* AFNetworkReachabilityManager.m */ = {isa = PBXFileReference; fileEncoding = 4; lastKnownFileType = sourcecode.c.objc; path = AFNetworkReachabilityManager.m; sourceTree = "<group>"; };
		5080E4C418DCE0B700E61AB7 /* AFSecurityPolicy.h */ = {isa = PBXFileReference; fileEncoding = 4; lastKnownFileType = sourcecode.c.h; path = AFSecurityPolicy.h; sourceTree = "<group>"; };
		5080E4C518DCE0B700E61AB7 /* AFSecurityPolicy.m */ = {isa = PBXFileReference; fileEncoding = 4; lastKnownFileType = sourcecode.c.objc; path = AFSecurityPolicy.m; sourceTree = "<group>"; };
		5080E4C618DCE0B700E61AB7 /* AFURLConnectionOperation.h */ = {isa = PBXFileReference; fileEncoding = 4; lastKnownFileType = sourcecode.c.h; path = AFURLConnectionOperation.h; sourceTree = "<group>"; };
		5080E4C718DCE0B700E61AB7 /* AFURLConnectionOperation.m */ = {isa = PBXFileReference; fileEncoding = 4; lastKnownFileType = sourcecode.c.objc; path = AFURLConnectionOperation.m; sourceTree = "<group>"; };
		5080E4C818DCE0B700E61AB7 /* AFURLRequestSerialization.h */ = {isa = PBXFileReference; fileEncoding = 4; lastKnownFileType = sourcecode.c.h; path = AFURLRequestSerialization.h; sourceTree = "<group>"; };
		5080E4C918DCE0B700E61AB7 /* AFURLRequestSerialization.m */ = {isa = PBXFileReference; fileEncoding = 4; lastKnownFileType = sourcecode.c.objc; path = AFURLRequestSerialization.m; sourceTree = "<group>"; };
		5080E4CA18DCE0B700E61AB7 /* AFURLResponseSerialization.h */ = {isa = PBXFileReference; fileEncoding = 4; lastKnownFileType = sourcecode.c.h; path = AFURLResponseSerialization.h; sourceTree = "<group>"; };
		5080E4CB18DCE0B700E61AB7 /* AFURLResponseSerialization.m */ = {isa = PBXFileReference; fileEncoding = 4; lastKnownFileType = sourcecode.c.objc; path = AFURLResponseSerialization.m; sourceTree = "<group>"; };
		5080E4CC18DCE0B700E61AB7 /* AFURLSessionManager.h */ = {isa = PBXFileReference; fileEncoding = 4; lastKnownFileType = sourcecode.c.h; path = AFURLSessionManager.h; sourceTree = "<group>"; };
		5080E4CD18DCE0B700E61AB7 /* AFURLSessionManager.m */ = {isa = PBXFileReference; fileEncoding = 4; lastKnownFileType = sourcecode.c.objc; path = AFURLSessionManager.m; sourceTree = "<group>"; };
		5080E4D818DCE7A500E61AB7 /* LICENSE.txt */ = {isa = PBXFileReference; fileEncoding = 4; lastKnownFileType = text; path = LICENSE.txt; sourceTree = "<group>"; };
		5080E4D918DCE7A500E61AB7 /* TFHpple.h */ = {isa = PBXFileReference; fileEncoding = 4; lastKnownFileType = sourcecode.c.h; path = TFHpple.h; sourceTree = "<group>"; };
		5080E4DA18DCE7A500E61AB7 /* TFHpple.m */ = {isa = PBXFileReference; fileEncoding = 4; lastKnownFileType = sourcecode.c.objc; path = TFHpple.m; sourceTree = "<group>"; };
		5080E4DB18DCE7A500E61AB7 /* TFHppleElement.h */ = {isa = PBXFileReference; fileEncoding = 4; lastKnownFileType = sourcecode.c.h; path = TFHppleElement.h; sourceTree = "<group>"; };
		5080E4DC18DCE7A500E61AB7 /* TFHppleElement.m */ = {isa = PBXFileReference; fileEncoding = 4; lastKnownFileType = sourcecode.c.objc; path = TFHppleElement.m; sourceTree = "<group>"; };
		5080E4DD18DCE7A500E61AB7 /* XPathQuery.h */ = {isa = PBXFileReference; fileEncoding = 4; lastKnownFileType = sourcecode.c.h; path = XPathQuery.h; sourceTree = "<group>"; };
		5080E4DE18DCE7A500E61AB7 /* XPathQuery.m */ = {isa = PBXFileReference; fileEncoding = 4; lastKnownFileType = sourcecode.c.objc; path = XPathQuery.m; sourceTree = "<group>"; };
		5080E4E318DCE93100E61AB7 /* libxml2.2.dylib */ = {isa = PBXFileReference; lastKnownFileType = "compiled.mach-o.dylib"; name = libxml2.2.dylib; path = usr/lib/libxml2.2.dylib; sourceTree = SDKROOT; };
		5080E4E518DCE93A00E61AB7 /* libxml2.dylib */ = {isa = PBXFileReference; lastKnownFileType = "compiled.mach-o.dylib"; name = libxml2.dylib; path = usr/lib/libxml2.dylib; sourceTree = SDKROOT; };
		5080E4F118DCF05B00E61AB7 /* MKAnnotationView+WebCache.h */ = {isa = PBXFileReference; fileEncoding = 4; lastKnownFileType = sourcecode.c.h; path = "MKAnnotationView+WebCache.h"; sourceTree = "<group>"; };
		5080E4F218DCF05B00E61AB7 /* MKAnnotationView+WebCache.m */ = {isa = PBXFileReference; fileEncoding = 4; lastKnownFileType = sourcecode.c.objc; path = "MKAnnotationView+WebCache.m"; sourceTree = "<group>"; };
		5080E4F318DCF05B00E61AB7 /* NSData+ImageContentType.h */ = {isa = PBXFileReference; fileEncoding = 4; lastKnownFileType = sourcecode.c.h; path = "NSData+ImageContentType.h"; sourceTree = "<group>"; };
		5080E4F418DCF05B00E61AB7 /* NSData+ImageContentType.m */ = {isa = PBXFileReference; fileEncoding = 4; lastKnownFileType = sourcecode.c.objc; path = "NSData+ImageContentType.m"; sourceTree = "<group>"; };
		5080E4F518DCF05B00E61AB7 /* SDImageCache.h */ = {isa = PBXFileReference; fileEncoding = 4; lastKnownFileType = sourcecode.c.h; path = SDImageCache.h; sourceTree = "<group>"; };
		5080E4F618DCF05B00E61AB7 /* SDImageCache.m */ = {isa = PBXFileReference; fileEncoding = 4; lastKnownFileType = sourcecode.c.objc; path = SDImageCache.m; sourceTree = "<group>"; };
		5080E4F718DCF05B00E61AB7 /* SDWebImageCompat.h */ = {isa = PBXFileReference; fileEncoding = 4; lastKnownFileType = sourcecode.c.h; path = SDWebImageCompat.h; sourceTree = "<group>"; };
		5080E4F818DCF05B00E61AB7 /* SDWebImageCompat.m */ = {isa = PBXFileReference; fileEncoding = 4; lastKnownFileType = sourcecode.c.objc; path = SDWebImageCompat.m; sourceTree = "<group>"; };
		5080E4F918DCF05B00E61AB7 /* SDWebImageDecoder.h */ = {isa = PBXFileReference; fileEncoding = 4; lastKnownFileType = sourcecode.c.h; path = SDWebImageDecoder.h; sourceTree = "<group>"; };
		5080E4FA18DCF05B00E61AB7 /* SDWebImageDecoder.m */ = {isa = PBXFileReference; fileEncoding = 4; lastKnownFileType = sourcecode.c.objc; path = SDWebImageDecoder.m; sourceTree = "<group>"; };
		5080E4FB18DCF05B00E61AB7 /* SDWebImageDownloader.h */ = {isa = PBXFileReference; fileEncoding = 4; lastKnownFileType = sourcecode.c.h; path = SDWebImageDownloader.h; sourceTree = "<group>"; };
		5080E4FC18DCF05B00E61AB7 /* SDWebImageDownloader.m */ = {isa = PBXFileReference; fileEncoding = 4; lastKnownFileType = sourcecode.c.objc; path = SDWebImageDownloader.m; sourceTree = "<group>"; };
		5080E4FD18DCF05B00E61AB7 /* SDWebImageDownloaderOperation.h */ = {isa = PBXFileReference; fileEncoding = 4; lastKnownFileType = sourcecode.c.h; path = SDWebImageDownloaderOperation.h; sourceTree = "<group>"; };
		5080E4FE18DCF05B00E61AB7 /* SDWebImageDownloaderOperation.m */ = {isa = PBXFileReference; fileEncoding = 4; lastKnownFileType = sourcecode.c.objc; path = SDWebImageDownloaderOperation.m; sourceTree = "<group>"; };
		5080E4FF18DCF05B00E61AB7 /* SDWebImageManager.h */ = {isa = PBXFileReference; fileEncoding = 4; lastKnownFileType = sourcecode.c.h; path = SDWebImageManager.h; sourceTree = "<group>"; };
		5080E50018DCF05B00E61AB7 /* SDWebImageManager.m */ = {isa = PBXFileReference; fileEncoding = 4; lastKnownFileType = sourcecode.c.objc; path = SDWebImageManager.m; sourceTree = "<group>"; };
		5080E50118DCF05B00E61AB7 /* SDWebImageOperation.h */ = {isa = PBXFileReference; fileEncoding = 4; lastKnownFileType = sourcecode.c.h; path = SDWebImageOperation.h; sourceTree = "<group>"; };
		5080E50218DCF05B00E61AB7 /* SDWebImagePrefetcher.h */ = {isa = PBXFileReference; fileEncoding = 4; lastKnownFileType = sourcecode.c.h; path = SDWebImagePrefetcher.h; sourceTree = "<group>"; };
		5080E50318DCF05B00E61AB7 /* SDWebImagePrefetcher.m */ = {isa = PBXFileReference; fileEncoding = 4; lastKnownFileType = sourcecode.c.objc; path = SDWebImagePrefetcher.m; sourceTree = "<group>"; };
		5080E50418DCF05B00E61AB7 /* UIButton+WebCache.h */ = {isa = PBXFileReference; fileEncoding = 4; lastKnownFileType = sourcecode.c.h; path = "UIButton+WebCache.h"; sourceTree = "<group>"; };
		5080E50518DCF05B00E61AB7 /* UIButton+WebCache.m */ = {isa = PBXFileReference; fileEncoding = 4; lastKnownFileType = sourcecode.c.objc; path = "UIButton+WebCache.m"; sourceTree = "<group>"; };
		5080E50618DCF05B00E61AB7 /* UIImage+GIF.h */ = {isa = PBXFileReference; fileEncoding = 4; lastKnownFileType = sourcecode.c.h; path = "UIImage+GIF.h"; sourceTree = "<group>"; };
		5080E50718DCF05B00E61AB7 /* UIImage+GIF.m */ = {isa = PBXFileReference; fileEncoding = 4; lastKnownFileType = sourcecode.c.objc; path = "UIImage+GIF.m"; sourceTree = "<group>"; };
		5080E50818DCF05B00E61AB7 /* UIImage+MultiFormat.h */ = {isa = PBXFileReference; fileEncoding = 4; lastKnownFileType = sourcecode.c.h; path = "UIImage+MultiFormat.h"; sourceTree = "<group>"; };
		5080E50918DCF05B00E61AB7 /* UIImage+MultiFormat.m */ = {isa = PBXFileReference; fileEncoding = 4; lastKnownFileType = sourcecode.c.objc; path = "UIImage+MultiFormat.m"; sourceTree = "<group>"; };
		5080E50A18DCF05B00E61AB7 /* UIImage+WebP.h */ = {isa = PBXFileReference; fileEncoding = 4; lastKnownFileType = sourcecode.c.h; path = "UIImage+WebP.h"; sourceTree = "<group>"; };
		5080E50B18DCF05B00E61AB7 /* UIImage+WebP.m */ = {isa = PBXFileReference; fileEncoding = 4; lastKnownFileType = sourcecode.c.objc; path = "UIImage+WebP.m"; sourceTree = "<group>"; };
		5080E50C18DCF05B00E61AB7 /* UIImageView+WebCache.h */ = {isa = PBXFileReference; fileEncoding = 4; lastKnownFileType = sourcecode.c.h; path = "UIImageView+WebCache.h"; sourceTree = "<group>"; };
		5080E50D18DCF05B00E61AB7 /* UIImageView+WebCache.m */ = {isa = PBXFileReference; fileEncoding = 4; lastKnownFileType = sourcecode.c.objc; path = "UIImageView+WebCache.m"; sourceTree = "<group>"; };
		D51BD150190305CA0010C8CC /* bitraf.png */ = {isa = PBXFileReference; lastKnownFileType = image.png; name = bitraf.png; path = Resources/bitraf.png; sourceTree = "<group>"; };
		D51BD15219030FE10010C8CC /* BITGalleryViewController.h */ = {isa = PBXFileReference; fileEncoding = 4; lastKnownFileType = sourcecode.c.h; path = BITGalleryViewController.h; sourceTree = "<group>"; };
		D51BD15319030FE10010C8CC /* BITGalleryViewController.m */ = {isa = PBXFileReference; fileEncoding = 4; lastKnownFileType = sourcecode.c.objc; path = BITGalleryViewController.m; sourceTree = "<group>"; };
		D5D79A0B19031BD000416402 /* BITMeetupViewController.h */ = {isa = PBXFileReference; fileEncoding = 4; lastKnownFileType = sourcecode.c.h; path = BITMeetupViewController.h; sourceTree = "<group>"; };
		D5D79A0C19031BD000416402 /* BITMeetupViewController.m */ = {isa = PBXFileReference; fileEncoding = 4; lastKnownFileType = sourcecode.c.objc; path = BITMeetupViewController.m; sourceTree = "<group>"; };
		D5D79A0F19031E5F00416402 /* BITMeetup.h */ = {isa = PBXFileReference; fileEncoding = 4; lastKnownFileType = sourcecode.c.h; path = BITMeetup.h; sourceTree = "<group>"; };
		D5D79A1019031E5F00416402 /* BITMeetup.m */ = {isa = PBXFileReference; fileEncoding = 4; lastKnownFileType = sourcecode.c.objc; path = BITMeetup.m; sourceTree = "<group>"; };
		D5D79A12190324C500416402 /* FLDetailViewController.h */ = {isa = PBXFileReference; fileEncoding = 4; lastKnownFileType = sourcecode.c.h; path = FLDetailViewController.h; sourceTree = "<group>"; };
		D5D79A13190324C500416402 /* FLDetailViewController.m */ = {isa = PBXFileReference; fileEncoding = 4; lastKnownFileType = sourcecode.c.objc; path = FLDetailViewController.m; sourceTree = "<group>"; };
/* End PBXFileReference section */

/* Begin PBXFrameworksBuildPhase section */
		5080E47718DCDE2F00E61AB7 /* Frameworks */ = {
			isa = PBXFrameworksBuildPhase;
			buildActionMask = 2147483647;
			files = (
				5080E4E618DCE93A00E61AB7 /* libxml2.dylib in Frameworks */,
				5080E4E418DCE93100E61AB7 /* libxml2.2.dylib in Frameworks */,
				5080E48018DCDE2F00E61AB7 /* CoreGraphics.framework in Frameworks */,
				5080E48218DCDE2F00E61AB7 /* UIKit.framework in Frameworks */,
				5080E47E18DCDE2F00E61AB7 /* Foundation.framework in Frameworks */,
			);
			runOnlyForDeploymentPostprocessing = 0;
		};
		5080E49E18DCDE2F00E61AB7 /* Frameworks */ = {
			isa = PBXFrameworksBuildPhase;
			buildActionMask = 2147483647;
			files = (
				5080E4A318DCDE2F00E61AB7 /* XCTest.framework in Frameworks */,
				5080E4A518DCDE2F00E61AB7 /* UIKit.framework in Frameworks */,
				5080E4A418DCDE2F00E61AB7 /* Foundation.framework in Frameworks */,
			);
			runOnlyForDeploymentPostprocessing = 0;
		};
/* End PBXFrameworksBuildPhase section */

/* Begin PBXGroup section */
		5080E47118DCDE2E00E61AB7 = {
			isa = PBXGroup;
			children = (
				5080E48318DCDE2F00E61AB7 /* Bitraf */,
				5080E4A818DCDE2F00E61AB7 /* BitrafTests */,
				5080E47C18DCDE2F00E61AB7 /* Frameworks */,
				5080E47B18DCDE2F00E61AB7 /* Products */,
			);
			sourceTree = "<group>";
		};
		5080E47B18DCDE2F00E61AB7 /* Products */ = {
			isa = PBXGroup;
			children = (
				5080E47A18DCDE2F00E61AB7 /* Bitraf.app */,
				5080E4A118DCDE2F00E61AB7 /* BitrafTests.xctest */,
			);
			name = Products;
			sourceTree = "<group>";
		};
		5080E47C18DCDE2F00E61AB7 /* Frameworks */ = {
			isa = PBXGroup;
			children = (
				5080E4E518DCE93A00E61AB7 /* libxml2.dylib */,
				5080E4E318DCE93100E61AB7 /* libxml2.2.dylib */,
				5080E47D18DCDE2F00E61AB7 /* Foundation.framework */,
				5080E47F18DCDE2F00E61AB7 /* CoreGraphics.framework */,
				5080E48118DCDE2F00E61AB7 /* UIKit.framework */,
				5080E4A218DCDE2F00E61AB7 /* XCTest.framework */,
			);
			name = Frameworks;
			sourceTree = "<group>";
		};
		5080E48318DCDE2F00E61AB7 /* Bitraf */ = {
			isa = PBXGroup;
			children = (
				D5D79A0E19031D4200416402 /* Model */,
				5080E4EB18DCEFC100E61AB7 /* Controllers */,
				5080E4B918DCE0AB00E61AB7 /* libs */,
				5080E48C18DCDE2F00E61AB7 /* BITAppDelegate.h */,
				5080E48D18DCDE2F00E61AB7 /* BITAppDelegate.m */,
				5080E48F18DCDE2F00E61AB7 /* Main_iPhone.storyboard */,
				5080E49218DCDE2F00E61AB7 /* Main_iPad.storyboard */,
				5080E49B18DCDE2F00E61AB7 /* Images.xcassets */,
				5080E48418DCDE2F00E61AB7 /* Supporting Files */,
			);
			path = Bitraf;
			sourceTree = "<group>";
		};
		5080E48418DCDE2F00E61AB7 /* Supporting Files */ = {
			isa = PBXGroup;
			children = (
				D51BD150190305CA0010C8CC /* bitraf.png */,
				5080E48518DCDE2F00E61AB7 /* Bitraf-Info.plist */,
				5080E48618DCDE2F00E61AB7 /* InfoPlist.strings */,
				5080E48918DCDE2F00E61AB7 /* main.m */,
				5080E48B18DCDE2F00E61AB7 /* Bitraf-Prefix.pch */,
			);
			name = "Supporting Files";
			sourceTree = "<group>";
		};
		5080E4A818DCDE2F00E61AB7 /* BitrafTests */ = {
			isa = PBXGroup;
			children = (
				5080E4AE18DCDE3000E61AB7 /* BitrafTests.m */,
				5080E4A918DCDE2F00E61AB7 /* Supporting Files */,
			);
			path = BitrafTests;
			sourceTree = "<group>";
		};
		5080E4A918DCDE2F00E61AB7 /* Supporting Files */ = {
			isa = PBXGroup;
			children = (
				5080E4AA18DCDE2F00E61AB7 /* BitrafTests-Info.plist */,
				5080E4AB18DCDE2F00E61AB7 /* InfoPlist.strings */,
			);
			name = "Supporting Files";
			sourceTree = "<group>";
		};
		5080E4B918DCE0AB00E61AB7 /* libs */ = {
			isa = PBXGroup;
			children = (
				5080E4F018DCF05B00E61AB7 /* SDWebImage */,
				5080E4D718DCE7A500E61AB7 /* hpple */,
				5080E4BA18DCE0B700E61AB7 /* AFNetworking */,
			);
			path = libs;
			sourceTree = "<group>";
		};
		5080E4BA18DCE0B700E61AB7 /* AFNetworking */ = {
			isa = PBXGroup;
			children = (
				5080E4BB18DCE0B700E61AB7 /* AFHTTPRequestOperation.h */,
				5080E4BC18DCE0B700E61AB7 /* AFHTTPRequestOperation.m */,
				5080E4BD18DCE0B700E61AB7 /* AFHTTPRequestOperationManager.h */,
				5080E4BE18DCE0B700E61AB7 /* AFHTTPRequestOperationManager.m */,
				5080E4BF18DCE0B700E61AB7 /* AFHTTPSessionManager.h */,
				5080E4C018DCE0B700E61AB7 /* AFHTTPSessionManager.m */,
				5080E4C118DCE0B700E61AB7 /* AFNetworking.h */,
				5080E4C218DCE0B700E61AB7 /* AFNetworkReachabilityManager.h */,
				5080E4C318DCE0B700E61AB7 /* AFNetworkReachabilityManager.m */,
				5080E4C418DCE0B700E61AB7 /* AFSecurityPolicy.h */,
				5080E4C518DCE0B700E61AB7 /* AFSecurityPolicy.m */,
				5080E4C618DCE0B700E61AB7 /* AFURLConnectionOperation.h */,
				5080E4C718DCE0B700E61AB7 /* AFURLConnectionOperation.m */,
				5080E4C818DCE0B700E61AB7 /* AFURLRequestSerialization.h */,
				5080E4C918DCE0B700E61AB7 /* AFURLRequestSerialization.m */,
				5080E4CA18DCE0B700E61AB7 /* AFURLResponseSerialization.h */,
				5080E4CB18DCE0B700E61AB7 /* AFURLResponseSerialization.m */,
				5080E4CC18DCE0B700E61AB7 /* AFURLSessionManager.h */,
				5080E4CD18DCE0B700E61AB7 /* AFURLSessionManager.m */,
			);
			path = AFNetworking;
			sourceTree = "<group>";
		};
		5080E4D718DCE7A500E61AB7 /* hpple */ = {
			isa = PBXGroup;
			children = (
				5080E4D818DCE7A500E61AB7 /* LICENSE.txt */,
				5080E4D918DCE7A500E61AB7 /* TFHpple.h */,
				5080E4DA18DCE7A500E61AB7 /* TFHpple.m */,
				5080E4DB18DCE7A500E61AB7 /* TFHppleElement.h */,
				5080E4DC18DCE7A500E61AB7 /* TFHppleElement.m */,
				5080E4DD18DCE7A500E61AB7 /* XPathQuery.h */,
				5080E4DE18DCE7A500E61AB7 /* XPathQuery.m */,
			);
			path = hpple;
			sourceTree = "<group>";
		};
		5080E4EB18DCEFC100E61AB7 /* Controllers */ = {
			isa = PBXGroup;
			children = (
				D5D79A12190324C500416402 /* FLDetailViewController.h */,
				D5D79A13190324C500416402 /* FLDetailViewController.m */,
				5080E49518DCDE2F00E61AB7 /* BITDoorViewController.h */,
				5080E49618DCDE2F00E61AB7 /* BITDoorViewController.m */,
				5080E49818DCDE2F00E61AB7 /* BITAboutViewController.h */,
				5080E49918DCDE2F00E61AB7 /* BITAboutViewController.m */,
				D51BD15219030FE10010C8CC /* BITGalleryViewController.h */,
				D51BD15319030FE10010C8CC /* BITGalleryViewController.m */,
				D5D79A0B19031BD000416402 /* BITMeetupViewController.h */,
				D5D79A0C19031BD000416402 /* BITMeetupViewController.m */,
			);
			name = Controllers;
			sourceTree = "<group>";
		};
		5080E4F018DCF05B00E61AB7 /* SDWebImage */ = {
			isa = PBXGroup;
			children = (
				5080E4F118DCF05B00E61AB7 /* MKAnnotationView+WebCache.h */,
				5080E4F218DCF05B00E61AB7 /* MKAnnotationView+WebCache.m */,
				5080E4F318DCF05B00E61AB7 /* NSData+ImageContentType.h */,
				5080E4F418DCF05B00E61AB7 /* NSData+ImageContentType.m */,
				5080E4F518DCF05B00E61AB7 /* SDImageCache.h */,
				5080E4F618DCF05B00E61AB7 /* SDImageCache.m */,
				5080E4F718DCF05B00E61AB7 /* SDWebImageCompat.h */,
				5080E4F818DCF05B00E61AB7 /* SDWebImageCompat.m */,
				5080E4F918DCF05B00E61AB7 /* SDWebImageDecoder.h */,
				5080E4FA18DCF05B00E61AB7 /* SDWebImageDecoder.m */,
				5080E4FB18DCF05B00E61AB7 /* SDWebImageDownloader.h */,
				5080E4FC18DCF05B00E61AB7 /* SDWebImageDownloader.m */,
				5080E4FD18DCF05B00E61AB7 /* SDWebImageDownloaderOperation.h */,
				5080E4FE18DCF05B00E61AB7 /* SDWebImageDownloaderOperation.m */,
				5080E4FF18DCF05B00E61AB7 /* SDWebImageManager.h */,
				5080E50018DCF05B00E61AB7 /* SDWebImageManager.m */,
				5080E50118DCF05B00E61AB7 /* SDWebImageOperation.h */,
				5080E50218DCF05B00E61AB7 /* SDWebImagePrefetcher.h */,
				5080E50318DCF05B00E61AB7 /* SDWebImagePrefetcher.m */,
				5080E50418DCF05B00E61AB7 /* UIButton+WebCache.h */,
				5080E50518DCF05B00E61AB7 /* UIButton+WebCache.m */,
				5080E50618DCF05B00E61AB7 /* UIImage+GIF.h */,
				5080E50718DCF05B00E61AB7 /* UIImage+GIF.m */,
				5080E50818DCF05B00E61AB7 /* UIImage+MultiFormat.h */,
				5080E50918DCF05B00E61AB7 /* UIImage+MultiFormat.m */,
				5080E50A18DCF05B00E61AB7 /* UIImage+WebP.h */,
				5080E50B18DCF05B00E61AB7 /* UIImage+WebP.m */,
				5080E50C18DCF05B00E61AB7 /* UIImageView+WebCache.h */,
				5080E50D18DCF05B00E61AB7 /* UIImageView+WebCache.m */,
			);
			path = SDWebImage;
			sourceTree = "<group>";
		};
		D5D79A0E19031D4200416402 /* Model */ = {
			isa = PBXGroup;
			children = (
				D5D79A0F19031E5F00416402 /* BITMeetup.h */,
				D5D79A1019031E5F00416402 /* BITMeetup.m */,
			);
			name = Model;
			sourceTree = "<group>";
		};
/* End PBXGroup section */

/* Begin PBXNativeTarget section */
		5080E47918DCDE2F00E61AB7 /* Bitraf */ = {
			isa = PBXNativeTarget;
			buildConfigurationList = 5080E4B218DCDE3000E61AB7 /* Build configuration list for PBXNativeTarget "Bitraf" */;
			buildPhases = (
				5080E47618DCDE2F00E61AB7 /* Sources */,
				5080E47718DCDE2F00E61AB7 /* Frameworks */,
				5080E47818DCDE2F00E61AB7 /* Resources */,
			);
			buildRules = (
			);
			dependencies = (
			);
			name = Bitraf;
			productName = Bitraf;
			productReference = 5080E47A18DCDE2F00E61AB7 /* Bitraf.app */;
			productType = "com.apple.product-type.application";
		};
		5080E4A018DCDE2F00E61AB7 /* BitrafTests */ = {
			isa = PBXNativeTarget;
			buildConfigurationList = 5080E4B518DCDE3000E61AB7 /* Build configuration list for PBXNativeTarget "BitrafTests" */;
			buildPhases = (
				5080E49D18DCDE2F00E61AB7 /* Sources */,
				5080E49E18DCDE2F00E61AB7 /* Frameworks */,
				5080E49F18DCDE2F00E61AB7 /* Resources */,
			);
			buildRules = (
			);
			dependencies = (
				5080E4A718DCDE2F00E61AB7 /* PBXTargetDependency */,
			);
			name = BitrafTests;
			productName = BitrafTests;
			productReference = 5080E4A118DCDE2F00E61AB7 /* BitrafTests.xctest */;
			productType = "com.apple.product-type.bundle.unit-test";
		};
/* End PBXNativeTarget section */

/* Begin PBXProject section */
		5080E47218DCDE2E00E61AB7 /* Project object */ = {
			isa = PBXProject;
			attributes = {
				CLASSPREFIX = BIT;
				LastUpgradeCheck = 0510;
				ORGANIZATIONNAME = Bitraf;
				TargetAttributes = {
					5080E4A018DCDE2F00E61AB7 = {
						TestTargetID = 5080E47918DCDE2F00E61AB7;
					};
				};
			};
			buildConfigurationList = 5080E47518DCDE2E00E61AB7 /* Build configuration list for PBXProject "Bitraf" */;
			compatibilityVersion = "Xcode 3.2";
			developmentRegion = English;
			hasScannedForEncodings = 0;
			knownRegions = (
				en,
				Base,
			);
			mainGroup = 5080E47118DCDE2E00E61AB7;
			productRefGroup = 5080E47B18DCDE2F00E61AB7 /* Products */;
			projectDirPath = "";
			projectRoot = "";
			targets = (
				5080E47918DCDE2F00E61AB7 /* Bitraf */,
				5080E4A018DCDE2F00E61AB7 /* BitrafTests */,
			);
		};
/* End PBXProject section */

/* Begin PBXResourcesBuildPhase section */
		5080E47818DCDE2F00E61AB7 /* Resources */ = {
			isa = PBXResourcesBuildPhase;
			buildActionMask = 2147483647;
			files = (
				5080E49418DCDE2F00E61AB7 /* Main_iPad.storyboard in Resources */,
				5080E49C18DCDE2F00E61AB7 /* Images.xcassets in Resources */,
				5080E49118DCDE2F00E61AB7 /* Main_iPhone.storyboard in Resources */,
				5080E4DF18DCE7A500E61AB7 /* LICENSE.txt in Resources */,
				5080E48818DCDE2F00E61AB7 /* InfoPlist.strings in Resources */,
				D51BD151190305CA0010C8CC /* bitraf.png in Resources */,
			);
			runOnlyForDeploymentPostprocessing = 0;
		};
		5080E49F18DCDE2F00E61AB7 /* Resources */ = {
			isa = PBXResourcesBuildPhase;
			buildActionMask = 2147483647;
			files = (
				5080E4AD18DCDE2F00E61AB7 /* InfoPlist.strings in Resources */,
			);
			runOnlyForDeploymentPostprocessing = 0;
		};
/* End PBXResourcesBuildPhase section */

/* Begin PBXSourcesBuildPhase section */
		5080E47618DCDE2F00E61AB7 /* Sources */ = {
			isa = PBXSourcesBuildPhase;
			buildActionMask = 2147483647;
			files = (
				5080E51318DCF05B00E61AB7 /* SDWebImageDownloader.m in Sources */,
				5080E49718DCDE2F00E61AB7 /* BITDoorViewController.m in Sources */,
				5080E4D218DCE0B700E61AB7 /* AFSecurityPolicy.m in Sources */,
				D51BD15419030FE10010C8CC /* BITGalleryViewController.m in Sources */,
				5080E51618DCF05B00E61AB7 /* SDWebImagePrefetcher.m in Sources */,
				5080E4E218DCE7A500E61AB7 /* XPathQuery.m in Sources */,
				5080E48E18DCDE2F00E61AB7 /* BITAppDelegate.m in Sources */,
				5080E51918DCF05B00E61AB7 /* UIImage+MultiFormat.m in Sources */,
				5080E51A18DCF05B00E61AB7 /* UIImage+WebP.m in Sources */,
				5080E4E018DCE7A500E61AB7 /* TFHpple.m in Sources */,
				5080E4CF18DCE0B700E61AB7 /* AFHTTPRequestOperationManager.m in Sources */,
				5080E4D318DCE0B700E61AB7 /* AFURLConnectionOperation.m in Sources */,
				5080E4CE18DCE0B700E61AB7 /* AFHTTPRequestOperation.m in Sources */,
				5080E49A18DCDE2F00E61AB7 /* BITAboutViewController.m in Sources */,
				5080E51B18DCF05B00E61AB7 /* UIImageView+WebCache.m in Sources */,
				D5D79A14190324C500416402 /* FLDetailViewController.m in Sources */,
				5080E4D418DCE0B700E61AB7 /* AFURLRequestSerialization.m in Sources */,
				D5D79A0D19031BD000416402 /* BITMeetupViewController.m in Sources */,
				5080E4E118DCE7A500E61AB7 /* TFHppleElement.m in Sources */,
				5080E4D018DCE0B700E61AB7 /* AFHTTPSessionManager.m in Sources */,
				5080E50F18DCF05B00E61AB7 /* NSData+ImageContentType.m in Sources */,
				5080E4D118DCE0B700E61AB7 /* AFNetworkReachabilityManager.m in Sources */,
				5080E4D518DCE0B700E61AB7 /* AFURLResponseSerialization.m in Sources */,
				5080E51518DCF05B00E61AB7 /* SDWebImageManager.m in Sources */,
				5080E51218DCF05B00E61AB7 /* SDWebImageDecoder.m in Sources */,
				5080E51418DCF05B00E61AB7 /* SDWebImageDownloaderOperation.m in Sources */,
				5080E4D618DCE0B700E61AB7 /* AFURLSessionManager.m in Sources */,
				5080E48A18DCDE2F00E61AB7 /* main.m in Sources */,
				5080E50E18DCF05B00E61AB7 /* MKAnnotationView+WebCache.m in Sources */,
				5080E51118DCF05B00E61AB7 /* SDWebImageCompat.m in Sources */,
				5080E51718DCF05B00E61AB7 /* UIButton+WebCache.m in Sources */,
				5080E51818DCF05B00E61AB7 /* UIImage+GIF.m in Sources */,
				D5D79A1119031E5F00416402 /* BITMeetup.m in Sources */,
				5080E51018DCF05B00E61AB7 /* SDImageCache.m in Sources */,
			);
			runOnlyForDeploymentPostprocessing = 0;
		};
		5080E49D18DCDE2F00E61AB7 /* Sources */ = {
			isa = PBXSourcesBuildPhase;
			buildActionMask = 2147483647;
			files = (
				5080E4AF18DCDE3000E61AB7 /* BitrafTests.m in Sources */,
			);
			runOnlyForDeploymentPostprocessing = 0;
		};
/* End PBXSourcesBuildPhase section */

/* Begin PBXTargetDependency section */
		5080E4A718DCDE2F00E61AB7 /* PBXTargetDependency */ = {
			isa = PBXTargetDependency;
			target = 5080E47918DCDE2F00E61AB7 /* Bitraf */;
			targetProxy = 5080E4A618DCDE2F00E61AB7 /* PBXContainerItemProxy */;
		};
/* End PBXTargetDependency section */

/* Begin PBXVariantGroup section */
		5080E48618DCDE2F00E61AB7 /* InfoPlist.strings */ = {
			isa = PBXVariantGroup;
			children = (
				5080E48718DCDE2F00E61AB7 /* en */,
			);
			name = InfoPlist.strings;
			sourceTree = "<group>";
		};
		5080E48F18DCDE2F00E61AB7 /* Main_iPhone.storyboard */ = {
			isa = PBXVariantGroup;
			children = (
				5080E49018DCDE2F00E61AB7 /* Base */,
			);
			name = Main_iPhone.storyboard;
			sourceTree = "<group>";
		};
		5080E49218DCDE2F00E61AB7 /* Main_iPad.storyboard */ = {
			isa = PBXVariantGroup;
			children = (
				5080E49318DCDE2F00E61AB7 /* Base */,
			);
			name = Main_iPad.storyboard;
			sourceTree = "<group>";
		};
		5080E4AB18DCDE2F00E61AB7 /* InfoPlist.strings */ = {
			isa = PBXVariantGroup;
			children = (
				5080E4AC18DCDE2F00E61AB7 /* en */,
			);
			name = InfoPlist.strings;
			sourceTree = "<group>";
		};
/* End PBXVariantGroup section */

/* Begin XCBuildConfiguration section */
		5080E4B018DCDE3000E61AB7 /* Debug */ = {
			isa = XCBuildConfiguration;
			buildSettings = {
				ALWAYS_SEARCH_USER_PATHS = NO;
				CLANG_CXX_LANGUAGE_STANDARD = "gnu++0x";
				CLANG_CXX_LIBRARY = "libc++";
				CLANG_ENABLE_MODULES = YES;
				CLANG_ENABLE_OBJC_ARC = YES;
				CLANG_WARN_BOOL_CONVERSION = YES;
				CLANG_WARN_CONSTANT_CONVERSION = YES;
				CLANG_WARN_DIRECT_OBJC_ISA_USAGE = YES_ERROR;
				CLANG_WARN_EMPTY_BODY = YES;
				CLANG_WARN_ENUM_CONVERSION = YES;
				CLANG_WARN_INT_CONVERSION = YES;
				CLANG_WARN_OBJC_ROOT_CLASS = YES_ERROR;
				CLANG_WARN__DUPLICATE_METHOD_MATCH = YES;
				"CODE_SIGN_IDENTITY[sdk=iphoneos*]" = "iPhone Developer";
				COPY_PHASE_STRIP = NO;
				GCC_C_LANGUAGE_STANDARD = gnu99;
				GCC_DYNAMIC_NO_PIC = NO;
				GCC_OPTIMIZATION_LEVEL = 0;
				GCC_PREPROCESSOR_DEFINITIONS = (
					"DEBUG=1",
					"$(inherited)",
				);
				GCC_SYMBOLS_PRIVATE_EXTERN = NO;
				GCC_WARN_64_TO_32_BIT_CONVERSION = YES;
				GCC_WARN_ABOUT_RETURN_TYPE = YES_ERROR;
				GCC_WARN_UNDECLARED_SELECTOR = YES;
				GCC_WARN_UNINITIALIZED_AUTOS = YES_AGGRESSIVE;
				GCC_WARN_UNUSED_FUNCTION = YES;
				GCC_WARN_UNUSED_VARIABLE = YES;
				IPHONEOS_DEPLOYMENT_TARGET = 7.1;
				ONLY_ACTIVE_ARCH = YES;
				SDKROOT = iphoneos;
				TARGETED_DEVICE_FAMILY = "1,2";
			};
			name = Debug;
		};
		5080E4B118DCDE3000E61AB7 /* Release */ = {
			isa = XCBuildConfiguration;
			buildSettings = {
				ALWAYS_SEARCH_USER_PATHS = NO;
				CLANG_CXX_LANGUAGE_STANDARD = "gnu++0x";
				CLANG_CXX_LIBRARY = "libc++";
				CLANG_ENABLE_MODULES = YES;
				CLANG_ENABLE_OBJC_ARC = YES;
				CLANG_WARN_BOOL_CONVERSION = YES;
				CLANG_WARN_CONSTANT_CONVERSION = YES;
				CLANG_WARN_DIRECT_OBJC_ISA_USAGE = YES_ERROR;
				CLANG_WARN_EMPTY_BODY = YES;
				CLANG_WARN_ENUM_CONVERSION = YES;
				CLANG_WARN_INT_CONVERSION = YES;
				CLANG_WARN_OBJC_ROOT_CLASS = YES_ERROR;
				CLANG_WARN__DUPLICATE_METHOD_MATCH = YES;
				"CODE_SIGN_IDENTITY[sdk=iphoneos*]" = "iPhone Developer";
				COPY_PHASE_STRIP = YES;
				ENABLE_NS_ASSERTIONS = NO;
				GCC_C_LANGUAGE_STANDARD = gnu99;
				GCC_WARN_64_TO_32_BIT_CONVERSION = YES;
				GCC_WARN_ABOUT_RETURN_TYPE = YES_ERROR;
				GCC_WARN_UNDECLARED_SELECTOR = YES;
				GCC_WARN_UNINITIALIZED_AUTOS = YES_AGGRESSIVE;
				GCC_WARN_UNUSED_FUNCTION = YES;
				GCC_WARN_UNUSED_VARIABLE = YES;
				IPHONEOS_DEPLOYMENT_TARGET = 7.1;
				SDKROOT = iphoneos;
				TARGETED_DEVICE_FAMILY = "1,2";
				VALIDATE_PRODUCT = YES;
			};
			name = Release;
		};
		5080E4B318DCDE3000E61AB7 /* Debug */ = {
			isa = XCBuildConfiguration;
			buildSettings = {
				ALWAYS_SEARCH_USER_PATHS = YES;
				ASSETCATALOG_COMPILER_APPICON_NAME = AppIcon;
				ASSETCATALOG_COMPILER_LAUNCHIMAGE_NAME = LaunchImage;
				GCC_PRECOMPILE_PREFIX_HEADER = YES;
				GCC_PREFIX_HEADER = "Bitraf/Bitraf-Prefix.pch";
				INFOPLIST_FILE = "Bitraf/Bitraf-Info.plist";
				IPHONEOS_DEPLOYMENT_TARGET = 6.1;
				PRODUCT_NAME = "$(TARGET_NAME)";
				USER_HEADER_SEARCH_PATHS = "$(SDKROOT)/usr/include/libxml2";
				WRAPPER_EXTENSION = app;
			};
			name = Debug;
		};
		5080E4B418DCDE3000E61AB7 /* Release */ = {
			isa = XCBuildConfiguration;
			buildSettings = {
				ALWAYS_SEARCH_USER_PATHS = YES;
				ASSETCATALOG_COMPILER_APPICON_NAME = AppIcon;
				ASSETCATALOG_COMPILER_LAUNCHIMAGE_NAME = LaunchImage;
				GCC_PRECOMPILE_PREFIX_HEADER = YES;
				GCC_PREFIX_HEADER = "Bitraf/Bitraf-Prefix.pch";
				INFOPLIST_FILE = "Bitraf/Bitraf-Info.plist";
				IPHONEOS_DEPLOYMENT_TARGET = 6.1;
				PRODUCT_NAME = "$(TARGET_NAME)";
				USER_HEADER_SEARCH_PATHS = "$(SDKROOT)/usr/include/libxml2";
				WRAPPER_EXTENSION = app;
			};
			name = Release;
		};
		5080E4B618DCDE3000E61AB7 /* Debug */ = {
			isa = XCBuildConfiguration;
			buildSettings = {
				BUNDLE_LOADER = "$(BUILT_PRODUCTS_DIR)/Bitraf.app/Bitraf";
				FRAMEWORK_SEARCH_PATHS = (
					"$(SDKROOT)/Developer/Library/Frameworks",
					"$(inherited)",
					"$(DEVELOPER_FRAMEWORKS_DIR)",
				);
				GCC_PRECOMPILE_PREFIX_HEADER = YES;
				GCC_PREFIX_HEADER = "Bitraf/Bitraf-Prefix.pch";
				GCC_PREPROCESSOR_DEFINITIONS = (
					"DEBUG=1",
					"$(inherited)",
				);
				INFOPLIST_FILE = "BitrafTests/BitrafTests-Info.plist";
				PRODUCT_NAME = "$(TARGET_NAME)";
				TEST_HOST = "$(BUNDLE_LOADER)";
				WRAPPER_EXTENSION = xctest;
			};
			name = Debug;
		};
		5080E4B718DCDE3000E61AB7 /* Release */ = {
			isa = XCBuildConfiguration;
			buildSettings = {
				BUNDLE_LOADER = "$(BUILT_PRODUCTS_DIR)/Bitraf.app/Bitraf";
				FRAMEWORK_SEARCH_PATHS = (
					"$(SDKROOT)/Developer/Library/Frameworks",
					"$(inherited)",
					"$(DEVELOPER_FRAMEWORKS_DIR)",
				);
				GCC_PRECOMPILE_PREFIX_HEADER = YES;
				GCC_PREFIX_HEADER = "Bitraf/Bitraf-Prefix.pch";
				INFOPLIST_FILE = "BitrafTests/BitrafTests-Info.plist";
				PRODUCT_NAME = "$(TARGET_NAME)";
				TEST_HOST = "$(BUNDLE_LOADER)";
				WRAPPER_EXTENSION = xctest;
			};
			name = Release;
		};
/* End XCBuildConfiguration section */

/* Begin XCConfigurationList section */
		5080E47518DCDE2E00E61AB7 /* Build configuration list for PBXProject "Bitraf" */ = {
			isa = XCConfigurationList;
			buildConfigurations = (
				5080E4B018DCDE3000E61AB7 /* Debug */,
				5080E4B118DCDE3000E61AB7 /* Release */,
			);
			defaultConfigurationIsVisible = 0;
			defaultConfigurationName = Release;
		};
		5080E4B218DCDE3000E61AB7 /* Build configuration list for PBXNativeTarget "Bitraf" */ = {
			isa = XCConfigurationList;
			buildConfigurations = (
				5080E4B318DCDE3000E61AB7 /* Debug */,
				5080E4B418DCDE3000E61AB7 /* Release */,
			);
			defaultConfigurationIsVisible = 0;
			defaultConfigurationName = Release;
		};
		5080E4B518DCDE3000E61AB7 /* Build configuration list for PBXNativeTarget "BitrafTests" */ = {
			isa = XCConfigurationList;
			buildConfigurations = (
				5080E4B618DCDE3000E61AB7 /* Debug */,
				5080E4B718DCDE3000E61AB7 /* Release */,
			);
			defaultConfigurationIsVisible = 0;
			defaultConfigurationName = Release;
		};
/* End XCConfigurationList section */
	};
	rootObject = 5080E47218DCDE2E00E61AB7 /* Project object */;
}
